
Microsoft Visual Studio Solution File, Format Version 12.00
# Visual Studio Version 17
VisualStudioVersion = 17.2.32526.322
MinimumVisualStudioVersion = 10.0.40219.1
Project("{FAE04EC0-301F-11D3-BF4B-00C04F79EFBC}") = "Monster", "Monster\Monster.csproj", "{75081B67-1818-4213-8F3F-4967EA1430FB}"
EndProject
Global
	GlobalSection(SolutionConfigurationPlatforms) = preSolution
		Debug|Any CPU = Debug|Any CPU
		Release|Any CPU = Release|Any CPU
	EndGlobalSection
	GlobalSection(ProjectConfigurationPlatforms) = postSolution
		{75081B67-1818-4213-8F3F-4967EA1430FB}.Debug|Any CPU.ActiveCfg = Debug|Any CPU
		{75081B67-1818-4213-8F3F-4967EA1430FB}.Debug|Any CPU.Build.0 = Debug|Any CPU
		{75081B67-1818-4213-8F3F-4967EA1430FB}.Release|Any CPU.ActiveCfg = Release|Any CPU
		{75081B67-1818-4213-8F3F-4967EA1430FB}.Release|Any CPU.Build.0 = Release|Any CPU
	EndGlobalSection
	GlobalSection(SolutionProperties) = preSolution
		HideSolutionNode = FALSE
	EndGlobalSection
	GlobalSection(ExtensibilityGlobals) = postSolution
		SolutionGuid = {79ABA323-8097-4DE7-BB4C-2B087F0002A1}
	EndGlobalSection
EndGlobal
